
Microsoft Visual Studio Solution File, Format Version 12.00
# Visual Studio Version 16
VisualStudioVersion = 16.0.31313.79
MinimumVisualStudioVersion = 10.0.40219.1
Project("{9A19103F-16F7-4668-BE54-9A1E7A4F7556}") = "Snake", "Snake.csproj", "{9531AFC6-FE6E-49FA-A775-6CDAA46A2AB9}"
EndProject
Global
	GlobalSection(SolutionConfigurationPlatforms) = preSolution
		Debug|Any CPU = Debug|Any CPU
		Release|Any CPU = Release|Any CPU
	EndGlobalSection
	GlobalSection(ProjectConfigurationPlatforms) = postSolution
		{9531AFC6-FE6E-49FA-A775-6CDAA46A2AB9}.Debug|Any CPU.ActiveCfg = Debug|Any CPU
		{9531AFC6-FE6E-49FA-A775-6CDAA46A2AB9}.Debug|Any CPU.Build.0 = Debug|Any CPU
		{9531AFC6-FE6E-49FA-A775-6CDAA46A2AB9}.Release|Any CPU.ActiveCfg = Release|Any CPU
		{9531AFC6-FE6E-49FA-A775-6CDAA46A2AB9}.Release|Any CPU.Build.0 = Release|Any CPU
	EndGlobalSection
	GlobalSection(SolutionProperties) = preSolution
		HideSolutionNode = FALSE
	EndGlobalSection
	GlobalSection(ExtensibilityGlobals) = postSolution
		SolutionGuid = {0E2FB555-715F-4BC4-A581-4C9DF99637F3}
	EndGlobalSection
EndGlobal
